{
  "originHash" : "6a3cb6bbf948b21f352ad6ed1f14e0ec9315770bbf47dc974fbb4a6ced993a04",
  "pins" : [
    {
      "identity" : "llmproviderkit",
      "kind" : "remoteSourceControl",
      "location" : "https://github.com/ayman3000/LLMProviderKit.git",
      "state" : {
        "revision" : "77d115a7a9d721cc406c032b8b56583e3beff271",
        "version" : "0.1.0-alpha.5"
      }
    },
    {
      "identity" : "swift-syntax",
      "kind" : "remoteSourceControl",
      "location" : "https://github.com/swiftlang/swift-syntax.git",
      "state" : {
        "revision" : "79e4b74a295b6eb74a8b585e3a39d29e70c1dbd1",
        "version" : "603.0.2"
      }
    },
    {
      "identity" : "swiftagentkit",
      "kind" : "remoteSourceControl",
      "location" : "https://github.com/ayman3000/SwiftAgentKit.git",
      "state" : {
        "revision" : "dcc826d9dbabdafb366c2bb1586fdcac21965376",
        "version" : "0.1.0-alpha.5"
      }
    },
    {
      "identity" : "swiftagentkitui",
      "kind" : "remoteSourceControl",
      "location" : "https://github.com/ayman3000/SwiftAgentKitUI.git",
      "state" : {
        "revision" : "ade10c3b35cd8385114bc9d601187bc8442e0277",
        "version" : "0.1.0-alpha.6"
      }
    }
  ],
  "version" : 3
}
