{
  "originHash" : "6a3cb6bbf948b21f352ad6ed1f14e0ec9315770bbf47dc974fbb4a6ced993a04",
  "pins" : [
    {
      "identity" : "llmproviderkit",
      "kind" : "remoteSourceControl",
      "location" : "https://github.com/ayman3000/LLMProviderKit.git",
      "state" : {
        "revision" : "d72e3eb676e70d00be52aa55688ab7d0f7010a4f",
        "version" : "0.1.0-alpha.3"
      }
    },
    {
      "identity" : "swift-syntax",
      "kind" : "remoteSourceControl",
      "location" : "https://github.com/swiftlang/swift-syntax.git",
      "state" : {
        "revision" : "79e4b74a295b6eb74a8b585e3a39d29e70c1dbd1",
        "version" : "603.0.2"
      }
    },
    {
      "identity" : "swiftagentkit",
      "kind" : "remoteSourceControl",
      "location" : "https://github.com/ayman3000/SwiftAgentKit.git",
      "state" : {
        "revision" : "4ba4783d8272fcbf09245d5ed9c85f61c5c88e2d",
        "version" : "0.1.0-alpha.3"
      }
    },
    {
      "identity" : "swiftagentkitui",
      "kind" : "remoteSourceControl",
      "location" : "https://github.com/ayman3000/SwiftAgentKitUI.git",
      "state" : {
        "revision" : "b6dfa81b90d700dfe41aeaf3239627d0f7cbb2dc",
        "version" : "0.1.0-alpha.4"
      }
    }
  ],
  "version" : 3
}
