{
  "originHash" : "6a3cb6bbf948b21f352ad6ed1f14e0ec9315770bbf47dc974fbb4a6ced993a04",
  "pins" : [
    {
      "identity" : "llmproviderkit",
      "kind" : "remoteSourceControl",
      "location" : "https://github.com/ayman3000/LLMProviderKit.git",
      "state" : {
        "revision" : "614fffd0550ded4340aa015a33b74659d2d219e9",
        "version" : "0.1.0-alpha.2"
      }
    },
    {
      "identity" : "swift-syntax",
      "kind" : "remoteSourceControl",
      "location" : "https://github.com/swiftlang/swift-syntax.git",
      "state" : {
        "revision" : "79e4b74a295b6eb74a8b585e3a39d29e70c1dbd1",
        "version" : "603.0.2"
      }
    },
    {
      "identity" : "swiftagentkit",
      "kind" : "remoteSourceControl",
      "location" : "https://github.com/ayman3000/SwiftAgentKit.git",
      "state" : {
        "revision" : "89e9719f2eab88187b0d82a9f8b7ede83923187d",
        "version" : "0.1.0-alpha.2"
      }
    },
    {
      "identity" : "swiftagentkitui",
      "kind" : "remoteSourceControl",
      "location" : "https://github.com/ayman3000/SwiftAgentKitUI.git",
      "state" : {
        "revision" : "da0a75d030c33667dfbd93ac25d4e6a09bfa2cb3",
        "version" : "0.1.0-alpha.3"
      }
    }
  ],
  "version" : 3
}
